// !$*UTF8*$!
{
	archiveVersion = 1;
	classes = {
	};
	objectVersion = 51;
	objects = {

/* Begin PBXBuildFile section */
		9C735EB42245BBC100058D66 /* Pacifico-Regular.ttf in Resources */ = {isa = PBXBuildFile; fileRef = 9C75331D2245B5A70063913E /* Pacifico-Regular.ttf */; };
		9C735EB62245C15E00058D66 /* invitationTable.swift in Sources */ = {isa = PBXBuildFile; fileRef = 9C735EB52245C15E00058D66 /* invitationTable.swift */; };
		9C7533072245A6430063913E /* AppDelegate.swift in Sources */ = {isa = PBXBuildFile; fileRef = 9C7533062245A6430063913E /* AppDelegate.swift */; };
		9C7533092245A6430063913E /* MainPageViewController.swift in Sources */ = {isa = PBXBuildFile; fileRef = 9C7533082245A6430063913E /* MainPageViewController.swift */; };
		9C7533112245A6450063913E /* LaunchScreen.storyboard in Resources */ = {isa = PBXBuildFile; fileRef = 9C75330F2245A6450063913E /* LaunchScreen.storyboard */; };
		9C7533192245A69E0063913E /* GoogleService-Info.plist in Resources */ = {isa = PBXBuildFile; fileRef = 9C7533182245A69E0063913E /* GoogleService-Info.plist */; };
		9C75331B2245AC470063913E /* Assets.xcassets in Resources */ = {isa = PBXBuildFile; fileRef = 9C75331A2245AC470063913E /* Assets.xcassets */; };
		DBEACCA18859132A09B94848 /* Pods_cook.framework in Frameworks */ = {isa = PBXBuildFile; fileRef = 725CE383BA5180B1CCA4E025 /* Pods_cook.framework */; };
/* End PBXBuildFile section */

/* Begin PBXFileReference section */
		355CA8E422FEB1A338A302ED /* Pods-cook.release.xcconfig */ = {isa = PBXFileReference; includeInIndex = 1; lastKnownFileType = text.xcconfig; name = "Pods-cook.release.xcconfig"; path = "Target Support Files/Pods-cook/Pods-cook.release.xcconfig"; sourceTree = "<group>"; };
		5C7A29EDABB4D66329626C0F /* Pods-cook.debug.xcconfig */ = {isa = PBXFileReference; includeInIndex = 1; lastKnownFileType = text.xcconfig; name = "Pods-cook.debug.xcconfig"; path = "Target Support Files/Pods-cook/Pods-cook.debug.xcconfig"; sourceTree = "<group>"; };
		725CE383BA5180B1CCA4E025 /* Pods_cook.framework */ = {isa = PBXFileReference; explicitFileType = wrapper.framework; includeInIndex = 0; path = Pods_cook.framework; sourceTree = BUILT_PRODUCTS_DIR; };
		9C735EB52245C15E00058D66 /* invitationTable.swift */ = {isa = PBXFileReference; lastKnownFileType = sourcecode.swift; path = invitationTable.swift; sourceTree = "<group>"; };
		9C7533032245A6430063913E /* cook.app */ = {isa = PBXFileReference; explicitFileType = wrapper.application; includeInIndex = 0; path = cook.app; sourceTree = BUILT_PRODUCTS_DIR; };
		9C7533062245A6430063913E /* AppDelegate.swift */ = {isa = PBXFileReference; lastKnownFileType = sourcecode.swift; path = AppDelegate.swift; sourceTree = "<group>"; };
		9C7533082245A6430063913E /* MainPageViewController.swift */ = {isa = PBXFileReference; lastKnownFileType = sourcecode.swift; path = MainPageViewController.swift; sourceTree = "<group>"; };
		9C7533102245A6450063913E /* Base */ = {isa = PBXFileReference; lastKnownFileType = file.storyboard; name = Base; path = Base.lproj/LaunchScreen.storyboard; sourceTree = "<group>"; };
		9C7533122245A6450063913E /* Info.plist */ = {isa = PBXFileReference; lastKnownFileType = text.plist.xml; path = Info.plist; sourceTree = "<group>"; };
		9C7533182245A69E0063913E /* GoogleService-Info.plist */ = {isa = PBXFileReference; fileEncoding = 4; lastKnownFileType = text.plist.xml; name = "GoogleService-Info.plist"; path = "../../../../Downloads/GoogleService-Info.plist"; sourceTree = "<group>"; };
		9C75331A2245AC470063913E /* Assets.xcassets */ = {isa = PBXFileReference; lastKnownFileType = folder.assetcatalog; name = Assets.xcassets; path = ../../fbMessenger/fbMessenger/Assets.xcassets; sourceTree = "<group>"; };
		9C75331D2245B5A70063913E /* Pacifico-Regular.ttf */ = {isa = PBXFileReference; lastKnownFileType = file; name = "Pacifico-Regular.ttf"; path = "../../../../../Downloads/Pacifico/Pacifico-Regular.ttf"; sourceTree = "<group>"; };
/* End PBXFileReference section */

/* Begin PBXFrameworksBuildPhase section */
		9C7533002245A6430063913E /* Frameworks */ = {
			isa = PBXFrameworksBuildPhase;
			buildActionMask = 2147483647;
			files = (
				DBEACCA18859132A09B94848 /* Pods_cook.framework in Frameworks */,
			);
			runOnlyForDeploymentPostprocessing = 0;
		};
/* End PBXFrameworksBuildPhase section */

/* Begin PBXGroup section */
		17B7C9DFF18BFAB700D9AEC2 /* Pods */ = {
			isa = PBXGroup;
			children = (
				5C7A29EDABB4D66329626C0F /* Pods-cook.debug.xcconfig */,
				355CA8E422FEB1A338A302ED /* Pods-cook.release.xcconfig */,
			);
			path = Pods;
			sourceTree = "<group>";
		};
		9C7532FA2245A6430063913E = {
			isa = PBXGroup;
			children = (
				9C7533052245A6430063913E /* cook */,
				9C7533042245A6430063913E /* Products */,
				17B7C9DFF18BFAB700D9AEC2 /* Pods */,
				FD42DC015A24356C502FBCF4 /* Frameworks */,
			);
			sourceTree = "<group>";
		};
		9C7533042245A6430063913E /* Products */ = {
			isa = PBXGroup;
			children = (
				9C7533032245A6430063913E /* cook.app */,
			);
			name = Products;
			sourceTree = "<group>";
		};
		9C7533052245A6430063913E /* cook */ = {
			isa = PBXGroup;
			children = (
				9C7533062245A6430063913E /* AppDelegate.swift */,
				9C7533082245A6430063913E /* MainPageViewController.swift */,
				9C735EB52245C15E00058D66 /* invitationTable.swift */,
				9C75331A2245AC470063913E /* Assets.xcassets */,
				9C75330F2245A6450063913E /* LaunchScreen.storyboard */,
				9C7533122245A6450063913E /* Info.plist */,
				9C7533182245A69E0063913E /* GoogleService-Info.plist */,
				9C75331C2245B5970063913E /* Fonts */,
			);
			path = cook;
			sourceTree = "<group>";
		};
		9C75331C2245B5970063913E /* Fonts */ = {
			isa = PBXGroup;
			children = (
				9C75331D2245B5A70063913E /* Pacifico-Regular.ttf */,
			);
			path = Fonts;
			sourceTree = "<group>";
		};
		FD42DC015A24356C502FBCF4 /* Frameworks */ = {
			isa = PBXGroup;
			children = (
				725CE383BA5180B1CCA4E025 /* Pods_cook.framework */,
			);
			name = Frameworks;
			sourceTree = "<group>";
		};
/* End PBXGroup section */

/* Begin PBXNativeTarget section */
		9C7533022245A6430063913E /* cook */ = {
			isa = PBXNativeTarget;
			buildConfigurationList = 9C7533152245A6450063913E /* Build configuration list for PBXNativeTarget "cook" */;
			buildPhases = (
				1944F7A7236D80469A860B8D /* [CP] Check Pods Manifest.lock */,
				9C7532FF2245A6430063913E /* Sources */,
				9C7533002245A6430063913E /* Frameworks */,
				9C7533012245A6430063913E /* Resources */,
				A06D7D995D56BB3EBB706FED /* [CP] Embed Pods Frameworks */,
			);
			buildRules = (
			);
			dependencies = (
			);
			name = cook;
			productName = cook;
			productReference = 9C7533032245A6430063913E /* cook.app */;
			productType = "com.apple.product-type.application";
		};
/* End PBXNativeTarget section */

/* Begin PBXProject section */
		9C7532FB2245A6430063913E /* Project object */ = {
			isa = PBXProject;
			attributes = {
				LastSwiftUpdateCheck = 1010;
				LastUpgradeCheck = 1010;
				ORGANIZATIONNAME = "Szymon Kolber";
				TargetAttributes = {
					9C7533022245A6430063913E = {
						CreatedOnToolsVersion = 10.1;
					};
				};
			};
			buildConfigurationList = 9C7532FE2245A6430063913E /* Build configuration list for PBXProject "cook" */;
			compatibilityVersion = "Xcode 9.3";
			developmentRegion = en;
			hasScannedForEncodings = 0;
			knownRegions = (
				en,
				Base,
			);
			mainGroup = 9C7532FA2245A6430063913E;
			productRefGroup = 9C7533042245A6430063913E /* Products */;
			projectDirPath = "";
			projectRoot = "";
			targets = (
				9C7533022245A6430063913E /* cook */,
			);
		};
/* End PBXProject section */

/* Begin PBXResourcesBuildPhase section */
		9C7533012245A6430063913E /* Resources */ = {
			isa = PBXResourcesBuildPhase;
			buildActionMask = 2147483647;
			files = (
				9C7533112245A6450063913E /* LaunchScreen.storyboard in Resources */,
				9C735EB42245BBC100058D66 /* Pacifico-Regular.ttf in Resources */,
				9C7533192245A69E0063913E /* GoogleService-Info.plist in Resources */,
				9C75331B2245AC470063913E /* Assets.xcassets in Resources */,
			);
			runOnlyForDeploymentPostprocessing = 0;
		};
/* End PBXResourcesBuildPhase section */

/* Begin PBXShellScriptBuildPhase section */
		1944F7A7236D80469A860B8D /* [CP] Check Pods Manifest.lock */ = {
			isa = PBXShellScriptBuildPhase;
			buildActionMask = 2147483647;
			files = (
			);
			inputFileListPaths = (
			);
			inputPaths = (
				"${PODS_PODFILE_DIR_PATH}/Podfile.lock",
				"${PODS_ROOT}/Manifest.lock",
			);
			name = "[CP] Check Pods Manifest.lock";
			outputFileListPaths = (
			);
			outputPaths = (
				"$(DERIVED_FILE_DIR)/Pods-cook-checkManifestLockResult.txt",
			);
			runOnlyForDeploymentPostprocessing = 0;
			shellPath = /bin/sh;
			shellScript = "diff \"${PODS_PODFILE_DIR_PATH}/Podfile.lock\" \"${PODS_ROOT}/Manifest.lock\" > /dev/null\nif [ $? != 0 ] ; then\n    # print error to STDERR\n    echo \"error: The sandbox is not in sync with the Podfile.lock. Run 'pod install' or update your CocoaPods installation.\" >&2\n    exit 1\nfi\n# This output is used by Xcode 'outputs' to avoid re-running this script phase.\necho \"SUCCESS\" > \"${SCRIPT_OUTPUT_FILE_0}\"\n";
			showEnvVarsInLog = 0;
		};
		A06D7D995D56BB3EBB706FED /* [CP] Embed Pods Frameworks */ = {
			isa = PBXShellScriptBuildPhase;
			buildActionMask = 2147483647;
			files = (
			);
			inputFileListPaths = (
				"${PODS_ROOT}/Target Support Files/Pods-cook/Pods-cook-frameworks-${CONFIGURATION}-input-files.xcfilelist",
			);
			name = "[CP] Embed Pods Frameworks";
			outputFileListPaths = (
				"${PODS_ROOT}/Target Support Files/Pods-cook/Pods-cook-frameworks-${CONFIGURATION}-output-files.xcfilelist",
			);
			runOnlyForDeploymentPostprocessing = 0;
			shellPath = /bin/sh;
			shellScript = "\"${PODS_ROOT}/Target Support Files/Pods-cook/Pods-cook-frameworks.sh\"\n";
			showEnvVarsInLog = 0;
		};
/* End PBXShellScriptBuildPhase section */

/* Begin PBXSourcesBuildPhase section */
		9C7532FF2245A6430063913E /* Sources */ = {
			isa = PBXSourcesBuildPhase;
			buildActionMask = 2147483647;
			files = (
				9C7533092245A6430063913E /* MainPageViewController.swift in Sources */,
				9C735EB62245C15E00058D66 /* invitationTable.swift in Sources */,
				9C7533072245A6430063913E /* AppDelegate.swift in Sources */,
			);
			runOnlyForDeploymentPostprocessing = 0;
		};
/* End PBXSourcesBuildPhase section */

/* Begin PBXVariantGroup section */
		9C75330F2245A6450063913E /* LaunchScreen.storyboard */ = {
			isa = PBXVariantGroup;
			children = (
				9C7533102245A6450063913E /* Base */,
			);
			name = LaunchScreen.storyboard;
			sourceTree = "<group>";
		};
/* End PBXVariantGroup section */

/* Begin XCBuildConfiguration section */
		9C7533132245A6450063913E /* Debug */ = {
			isa = XCBuildConfiguration;
			buildSettings = {
				ALWAYS_SEARCH_USER_PATHS = NO;
				CLANG_ANALYZER_NONNULL = YES;
				CLANG_ANALYZER_NUMBER_OBJECT_CONVERSION = YES_AGGRESSIVE;
				CLANG_CXX_LANGUAGE_STANDARD = "gnu++14";
				CLANG_CXX_LIBRARY = "libc++";
				CLANG_ENABLE_MODULES = YES;
				CLANG_ENABLE_OBJC_ARC = YES;
				CLANG_ENABLE_OBJC_WEAK = YES;
				CLANG_WARN_BLOCK_CAPTURE_AUTORELEASING = YES;
				CLANG_WARN_BOOL_CONVERSION = YES;
				CLANG_WARN_COMMA = YES;
				CLANG_WARN_CONSTANT_CONVERSION = YES;
				CLANG_WARN_DEPRECATED_OBJC_IMPLEMENTATIONS = YES;
				CLANG_WARN_DIRECT_OBJC_ISA_USAGE = YES_ERROR;
				CLANG_WARN_DOCUMENTATION_COMMENTS = YES;
				CLANG_WARN_EMPTY_BODY = YES;
				CLANG_WARN_ENUM_CONVERSION = YES;
				CLANG_WARN_INFINITE_RECURSION = YES;
				CLANG_WARN_INT_CONVERSION = YES;
				CLANG_WARN_NON_LITERAL_NULL_CONVERSION = YES;
				CLANG_WARN_OBJC_IMPLICIT_RETAIN_SELF = YES;
				CLANG_WARN_OBJC_LITERAL_CONVERSION = YES;
				CLANG_WARN_OBJC_ROOT_CLASS = YES_ERROR;
				CLANG_WARN_RANGE_LOOP_ANALYSIS = YES;
				CLANG_WARN_STRICT_PROTOTYPES = YES;
				CLANG_WARN_SUSPICIOUS_MOVE = YES;
				CLANG_WARN_UNGUARDED_AVAILABILITY = YES_AGGRESSIVE;
				CLANG_WARN_UNREACHABLE_CODE = YES;
				CLANG_WARN__DUPLICATE_METHOD_MATCH = YES;
				CODE_SIGN_IDENTITY = "iPhone Developer";
				COPY_PHASE_STRIP = NO;
				DEBUG_INFORMATION_FORMAT = dwarf;
				ENABLE_STRICT_OBJC_MSGSEND = YES;
				ENABLE_TESTABILITY = YES;
				GCC_C_LANGUAGE_STANDARD = gnu11;
				GCC_DYNAMIC_NO_PIC = NO;
				GCC_NO_COMMON_BLOCKS = YES;
				GCC_OPTIMIZATION_LEVEL = 0;
				GCC_PREPROCESSOR_DEFINITIONS = (
					"DEBUG=1",
					"$(inherited)",
				);
				GCC_WARN_64_TO_32_BIT_CONVERSION = YES;
				GCC_WARN_ABOUT_RETURN_TYPE = YES_ERROR;
				GCC_WARN_UNDECLARED_SELECTOR = YES;
				GCC_WARN_UNINITIALIZED_AUTOS = YES_AGGRESSIVE;
				GCC_WARN_UNUSED_FUNCTION = YES;
				GCC_WARN_UNUSED_VARIABLE = YES;
				IPHONEOS_DEPLOYMENT_TARGET = 12.1;
				MTL_ENABLE_DEBUG_INFO = INCLUDE_SOURCE;
				MTL_FAST_MATH = YES;
				ONLY_ACTIVE_ARCH = YES;
				SDKROOT = iphoneos;
				SWIFT_ACTIVE_COMPILATION_CONDITIONS = DEBUG;
				SWIFT_OPTIMIZATION_LEVEL = "-Onone";
			};
			name = Debug;
		};
		9C7533142245A6450063913E /* Release */ = {
			isa = XCBuildConfiguration;
			buildSettings = {
				ALWAYS_SEARCH_USER_PATHS = NO;
				CLANG_ANALYZER_NONNULL = YES;
				CLANG_ANALYZER_NUMBER_OBJECT_CONVERSION = YES_AGGRESSIVE;
				CLANG_CXX_LANGUAGE_STANDARD = "gnu++14";
				CLANG_CXX_LIBRARY = "libc++";
				CLANG_ENABLE_MODULES = YES;
				CLANG_ENABLE_OBJC_ARC = YES;
				CLANG_ENABLE_OBJC_WEAK = YES;
				CLANG_WARN_BLOCK_CAPTURE_AUTORELEASING = YES;
				CLANG_WARN_BOOL_CONVERSION = YES;
				CLANG_WARN_COMMA = YES;
				CLANG_WARN_CONSTANT_CONVERSION = YES;
				CLANG_WARN_DEPRECATED_OBJC_IMPLEMENTATIONS = YES;
				CLANG_WARN_DIRECT_OBJC_ISA_USAGE = YES_ERROR;
				CLANG_WARN_DOCUMENTATION_COMMENTS = YES;
				CLANG_WARN_EMPTY_BODY = YES;
				CLANG_WARN_ENUM_CONVERSION = YES;
				CLANG_WARN_INFINITE_RECURSION = YES;
				CLANG_WARN_INT_CONVERSION = YES;
				CLANG_WARN_NON_LITERAL_NULL_CONVERSION = YES;
				CLANG_WARN_OBJC_IMPLICIT_RETAIN_SELF = YES;
				CLANG_WARN_OBJC_LITERAL_CONVERSION = YES;
				CLANG_WARN_OBJC_ROOT_CLASS = YES_ERROR;
				CLANG_WARN_RANGE_LOOP_ANALYSIS = YES;
				CLANG_WARN_STRICT_PROTOTYPES = YES;
				CLANG_WARN_SUSPICIOUS_MOVE = YES;
				CLANG_WARN_UNGUARDED_AVAILABILITY = YES_AGGRESSIVE;
				CLANG_WARN_UNREACHABLE_CODE = YES;
				CLANG_WARN__DUPLICATE_METHOD_MATCH = YES;
				CODE_SIGN_IDENTITY = "iPhone Developer";
				COPY_PHASE_STRIP = NO;
				DEBUG_INFORMATION_FORMAT = "dwarf-with-dsym";
				ENABLE_NS_ASSERTIONS = NO;
				ENABLE_STRICT_OBJC_MSGSEND = YES;
				GCC_C_LANGUAGE_STANDARD = gnu11;
				GCC_NO_COMMON_BLOCKS = YES;
				GCC_WARN_64_TO_32_BIT_CONVERSION = YES;
				GCC_WARN_ABOUT_RETURN_TYPE = YES_ERROR;
				GCC_WARN_UNDECLARED_SELECTOR = YES;
				GCC_WARN_UNINITIALIZED_AUTOS = YES_AGGRESSIVE;
				GCC_WARN_UNUSED_FUNCTION = YES;
				GCC_WARN_UNUSED_VARIABLE = YES;
				IPHONEOS_DEPLOYMENT_TARGET = 12.1;
				MTL_ENABLE_DEBUG_INFO = NO;
				MTL_FAST_MATH = YES;
				SDKROOT = iphoneos;
				SWIFT_COMPILATION_MODE = wholemodule;
				SWIFT_OPTIMIZATION_LEVEL = "-O";
				VALIDATE_PRODUCT = YES;
			};
			name = Release;
		};
		9C7533162245A6450063913E /* Debug */ = {
			isa = XCBuildConfiguration;
			baseConfigurationReference = 5C7A29EDABB4D66329626C0F /* Pods-cook.debug.xcconfig */;
			buildSettings = {
				ASSETCATALOG_COMPILER_APPICON_NAME = AppIcon;
				CODE_SIGN_STYLE = Automatic;
				INFOPLIST_FILE = cook/Info.plist;
				LD_RUNPATH_SEARCH_PATHS = (
					"$(inherited)",
					"@executable_path/Frameworks",
				);
				PRODUCT_BUNDLE_IDENTIFIER = com.DominikKolber.cook;
				PRODUCT_NAME = "$(TARGET_NAME)";
				SWIFT_VERSION = 4.2;
				TARGETED_DEVICE_FAMILY = "1,2";
			};
			name = Debug;
		};
		9C7533172245A6450063913E /* Release */ = {
			isa = XCBuildConfiguration;
			baseConfigurationReference = 355CA8E422FEB1A338A302ED /* Pods-cook.release.xcconfig */;
			buildSettings = {
				ASSETCATALOG_COMPILER_APPICON_NAME = AppIcon;
				CODE_SIGN_STYLE = Automatic;
				INFOPLIST_FILE = cook/Info.plist;
				LD_RUNPATH_SEARCH_PATHS = (
					"$(inherited)",
					"@executable_path/Frameworks",
				);
				PRODUCT_BUNDLE_IDENTIFIER = com.DominikKolber.cook;
				PRODUCT_NAME = "$(TARGET_NAME)";
				SWIFT_VERSION = 4.2;
				TARGETED_DEVICE_FAMILY = "1,2";
			};
			name = Release;
		};
/* End XCBuildConfiguration section */

/* Begin XCConfigurationList section */
		9C7532FE2245A6430063913E /* Build configuration list for PBXProject "cook" */ = {
			isa = XCConfigurationList;
			buildConfigurations = (
				9C7533132245A6450063913E /* Debug */,
				9C7533142245A6450063913E /* Release */,
			);
			defaultConfigurationIsVisible = 0;
			defaultConfigurationName = Release;
		};
		9C7533152245A6450063913E /* Build configuration list for PBXNativeTarget "cook" */ = {
			isa = XCConfigurationList;
			buildConfigurations = (
				9C7533162245A6450063913E /* Debug */,
				9C7533172245A6450063913E /* Release */,
			);
			defaultConfigurationIsVisible = 0;
			defaultConfigurationName = Release;
		};
/* End XCConfigurationList section */
	};
	rootObject = 9C7532FB2245A6430063913E /* Project object */;
}
